{
  "name": "@sung1-labs/sddx",
  "version": "1.0.3",
  "lockfileVersion": 3,
  "requires": true,
  "packages": {
    "": {
      "name": "@sung1-labs/sddx",
      "version": "1.0.3",
      "license": "MIT",
      "bin": {
        "sddx": "bin/sddx.js"
      },
      "engines": {
        "node": ">=20"
      }
    }
  }
}
